// !$*UTF8*$!
{
	archiveVersion = 1;
	classes = {
	};
	objectVersion = 48;
	objects = {

/* Begin PBXBuildFile section */
		D316A4C521B05032002667CF /* AppDelegate.swift in Sources */ = {isa = PBXBuildFile; fileRef = D316A4C421B05032002667CF /* AppDelegate.swift */; };
		D316A4C721B05032002667CF /* ViewController.swift in Sources */ = {isa = PBXBuildFile; fileRef = D316A4C621B05032002667CF /* ViewController.swift */; };
		D316A4CA21B05032002667CF /* Main.storyboard in Resources */ = {isa = PBXBuildFile; fileRef = D316A4C821B05032002667CF /* Main.storyboard */; };
		D316A4CC21B05032002667CF /* Assets.xcassets in Resources */ = {isa = PBXBuildFile; fileRef = D316A4CB21B05032002667CF /* Assets.xcassets */; };
		D316A4CF21B05032002667CF /* LaunchScreen.storyboard in Resources */ = {isa = PBXBuildFile; fileRef = D316A4CD21B05032002667CF /* LaunchScreen.storyboard */; };
		D316A4DA21B05514002667CF /* Localizable.strings in Resources */ = {isa = PBXBuildFile; fileRef = D316A4DC21B05514002667CF /* Localizable.strings */; };
		D316A4DF21B0598A002667CF /* LocalizationSystem.swift in Sources */ = {isa = PBXBuildFile; fileRef = D316A4DE21B0598A002667CF /* LocalizationSystem.swift */; };
/* End PBXBuildFile section */

/* Begin PBXFileReference section */
		D316A4C121B05032002667CF /* LocalizationApp.app */ = {isa = PBXFileReference; explicitFileType = wrapper.application; includeInIndex = 0; path = LocalizationApp.app; sourceTree = BUILT_PRODUCTS_DIR; };
		D316A4C421B05032002667CF /* AppDelegate.swift */ = {isa = PBXFileReference; lastKnownFileType = sourcecode.swift; path = AppDelegate.swift; sourceTree = "<group>"; };
		D316A4C621B05032002667CF /* ViewController.swift */ = {isa = PBXFileReference; lastKnownFileType = sourcecode.swift; path = ViewController.swift; sourceTree = "<group>"; };
		D316A4C921B05032002667CF /* Base */ = {isa = PBXFileReference; lastKnownFileType = file.storyboard; name = Base; path = Base.lproj/Main.storyboard; sourceTree = "<group>"; };
		D316A4CB21B05032002667CF /* Assets.xcassets */ = {isa = PBXFileReference; lastKnownFileType = folder.assetcatalog; path = Assets.xcassets; sourceTree = "<group>"; };
		D316A4CE21B05032002667CF /* Base */ = {isa = PBXFileReference; lastKnownFileType = file.storyboard; name = Base; path = Base.lproj/LaunchScreen.storyboard; sourceTree = "<group>"; };
		D316A4D021B05032002667CF /* Info.plist */ = {isa = PBXFileReference; lastKnownFileType = text.plist.xml; path = Info.plist; sourceTree = "<group>"; };
		D316A4D621B05471002667CF /* ar */ = {isa = PBXFileReference; lastKnownFileType = text.plist.strings; name = ar; path = ar.lproj/Main.strings; sourceTree = "<group>"; };
		D316A4D721B05471002667CF /* ar */ = {isa = PBXFileReference; lastKnownFileType = text.plist.strings; name = ar; path = ar.lproj/LaunchScreen.strings; sourceTree = "<group>"; };
		D316A4DB21B05514002667CF /* ar */ = {isa = PBXFileReference; lastKnownFileType = text.plist.strings; name = ar; path = ar.lproj/Localizable.strings; sourceTree = "<group>"; };
		D316A4DD21B05557002667CF /* en */ = {isa = PBXFileReference; lastKnownFileType = text.plist.strings; name = en; path = en.lproj/Localizable.strings; sourceTree = "<group>"; };
		D316A4DE21B0598A002667CF /* LocalizationSystem.swift */ = {isa = PBXFileReference; fileEncoding = 4; lastKnownFileType = sourcecode.swift; path = LocalizationSystem.swift; sourceTree = "<group>"; };
/* End PBXFileReference section */

/* Begin PBXFrameworksBuildPhase section */
		D316A4BE21B05031002667CF /* Frameworks */ = {
			isa = PBXFrameworksBuildPhase;
			buildActionMask = 2147483647;
			files = (
			);
			runOnlyForDeploymentPostprocessing = 0;
		};
/* End PBXFrameworksBuildPhase section */

/* Begin PBXGroup section */
		D316A4B821B05031002667CF = {
			isa = PBXGroup;
			children = (
				D316A4C321B05032002667CF /* LocalizationApp */,
				D316A4C221B05032002667CF /* Products */,
			);
			sourceTree = "<group>";
		};
		D316A4C221B05032002667CF /* Products */ = {
			isa = PBXGroup;
			children = (
				D316A4C121B05032002667CF /* LocalizationApp.app */,
			);
			name = Products;
			sourceTree = "<group>";
		};
		D316A4C321B05032002667CF /* LocalizationApp */ = {
			isa = PBXGroup;
			children = (
				D316A4DE21B0598A002667CF /* LocalizationSystem.swift */,
				D316A4C421B05032002667CF /* AppDelegate.swift */,
				D316A4C621B05032002667CF /* ViewController.swift */,
				D316A4DC21B05514002667CF /* Localizable.strings */,
				D316A4C821B05032002667CF /* Main.storyboard */,
				D316A4CB21B05032002667CF /* Assets.xcassets */,
				D316A4CD21B05032002667CF /* LaunchScreen.storyboard */,
				D316A4D021B05032002667CF /* Info.plist */,
			);
			path = LocalizationApp;
			sourceTree = "<group>";
		};
/* End PBXGroup section */

/* Begin PBXNativeTarget section */
		D316A4C021B05031002667CF /* LocalizationApp */ = {
			isa = PBXNativeTarget;
			buildConfigurationList = D316A4D321B05032002667CF /* Build configuration list for PBXNativeTarget "LocalizationApp" */;
			buildPhases = (
				D316A4BD21B05031002667CF /* Sources */,
				D316A4BE21B05031002667CF /* Frameworks */,
				D316A4BF21B05031002667CF /* Resources */,
			);
			buildRules = (
			);
			dependencies = (
			);
			name = LocalizationApp;
			productName = LocalizationApp;
			productReference = D316A4C121B05032002667CF /* LocalizationApp.app */;
			productType = "com.apple.product-type.application";
		};
/* End PBXNativeTarget section */

/* Begin PBXProject section */
		D316A4B921B05031002667CF /* Project object */ = {
			isa = PBXProject;
			attributes = {
				LastSwiftUpdateCheck = 0920;
				LastUpgradeCheck = 0920;
				ORGANIZATIONNAME = msr;
				TargetAttributes = {
					D316A4C021B05031002667CF = {
						CreatedOnToolsVersion = 9.2;
						ProvisioningStyle = Automatic;
					};
				};
			};
			buildConfigurationList = D316A4BC21B05031002667CF /* Build configuration list for PBXProject "LocalizationApp" */;
			compatibilityVersion = "Xcode 8.0";
			developmentRegion = en;
			hasScannedForEncodings = 0;
			knownRegions = (
				en,
				Base,
				ar,
			);
			mainGroup = D316A4B821B05031002667CF;
			productRefGroup = D316A4C221B05032002667CF /* Products */;
			projectDirPath = "";
			projectRoot = "";
			targets = (
				D316A4C021B05031002667CF /* LocalizationApp */,
			);
		};
/* End PBXProject section */

/* Begin PBXResourcesBuildPhase section */
		D316A4BF21B05031002667CF /* Resources */ = {
			isa = PBXResourcesBuildPhase;
			buildActionMask = 2147483647;
			files = (
				D316A4CF21B05032002667CF /* LaunchScreen.storyboard in Resources */,
				D316A4DA21B05514002667CF /* Localizable.strings in Resources */,
				D316A4CC21B05032002667CF /* Assets.xcassets in Resources */,
				D316A4CA21B05032002667CF /* Main.storyboard in Resources */,
			);
			runOnlyForDeploymentPostprocessing = 0;
		};
/* End PBXResourcesBuildPhase section */

/* Begin PBXSourcesBuildPhase section */
		D316A4BD21B05031002667CF /* Sources */ = {
			isa = PBXSourcesBuildPhase;
			buildActionMask = 2147483647;
			files = (
				D316A4DF21B0598A002667CF /* LocalizationSystem.swift in Sources */,
				D316A4C721B05032002667CF /* ViewController.swift in Sources */,
				D316A4C521B05032002667CF /* AppDelegate.swift in Sources */,
			);
			runOnlyForDeploymentPostprocessing = 0;
		};
/* End PBXSourcesBuildPhase section */

/* Begin PBXVariantGroup section */
		D316A4C821B05032002667CF /* Main.storyboard */ = {
			isa = PBXVariantGroup;
			children = (
				D316A4C921B05032002667CF /* Base */,
				D316A4D621B05471002667CF /* ar */,
			);
			name = Main.storyboard;
			sourceTree = "<group>";
		};
		D316A4CD21B05032002667CF /* LaunchScreen.storyboard */ = {
			isa = PBXVariantGroup;
			children = (
				D316A4CE21B05032002667CF /* Base */,
				D316A4D721B05471002667CF /* ar */,
			);
			name = LaunchScreen.storyboard;
			sourceTree = "<group>";
		};
		D316A4DC21B05514002667CF /* Localizable.strings */ = {
			isa = PBXVariantGroup;
			children = (
				D316A4DB21B05514002667CF /* ar */,
				D316A4DD21B05557002667CF /* en */,
			);
			name = Localizable.strings;
			sourceTree = "<group>";
		};
/* End PBXVariantGroup section */

/* Begin XCBuildConfiguration section */
		D316A4D121B05032002667CF /* Debug */ = {
			isa = XCBuildConfiguration;
			buildSettings = {
				ALWAYS_SEARCH_USER_PATHS = NO;
				CLANG_ANALYZER_LOCALIZABILITY_NONLOCALIZED = YES;
				CLANG_ANALYZER_NONNULL = YES;
				CLANG_ANALYZER_NUMBER_OBJECT_CONVERSION = YES_AGGRESSIVE;
				CLANG_CXX_LANGUAGE_STANDARD = "gnu++14";
				CLANG_CXX_LIBRARY = "libc++";
				CLANG_ENABLE_MODULES = YES;
				CLANG_ENABLE_OBJC_ARC = YES;
				CLANG_WARN_BLOCK_CAPTURE_AUTORELEASING = YES;
				CLANG_WARN_BOOL_CONVERSION = YES;
				CLANG_WARN_COMMA = YES;
				CLANG_WARN_CONSTANT_CONVERSION = YES;
				CLANG_WARN_DIRECT_OBJC_ISA_USAGE = YES_ERROR;
				CLANG_WARN_DOCUMENTATION_COMMENTS = YES;
				CLANG_WARN_EMPTY_BODY = YES;
				CLANG_WARN_ENUM_CONVERSION = YES;
				CLANG_WARN_INFINITE_RECURSION = YES;
				CLANG_WARN_INT_CONVERSION = YES;
				CLANG_WARN_NON_LITERAL_NULL_CONVERSION = YES;
				CLANG_WARN_OBJC_LITERAL_CONVERSION = YES;
				CLANG_WARN_OBJC_ROOT_CLASS = YES_ERROR;
				CLANG_WARN_RANGE_LOOP_ANALYSIS = YES;
				CLANG_WARN_STRICT_PROTOTYPES = YES;
				CLANG_WARN_SUSPICIOUS_MOVE = YES;
				CLANG_WARN_UNGUARDED_AVAILABILITY = YES_AGGRESSIVE;
				CLANG_WARN_UNREACHABLE_CODE = YES;
				CLANG_WARN__DUPLICATE_METHOD_MATCH = YES;
				CODE_SIGN_IDENTITY = "iPhone Developer";
				COPY_PHASE_STRIP = NO;
				DEBUG_INFORMATION_FORMAT = dwarf;
				ENABLE_STRICT_OBJC_MSGSEND = YES;
				ENABLE_TESTABILITY = YES;
				GCC_C_LANGUAGE_STANDARD = gnu11;
				GCC_DYNAMIC_NO_PIC = NO;
				GCC_NO_COMMON_BLOCKS = YES;
				GCC_OPTIMIZATION_LEVEL = 0;
				GCC_PREPROCESSOR_DEFINITIONS = (
					"DEBUG=1",
					"$(inherited)",
				);
				GCC_WARN_64_TO_32_BIT_CONVERSION = YES;
				GCC_WARN_ABOUT_RETURN_TYPE = YES_ERROR;
				GCC_WARN_UNDECLARED_SELECTOR = YES;
				GCC_WARN_UNINITIALIZED_AUTOS = YES_AGGRESSIVE;
				GCC_WARN_UNUSED_FUNCTION = YES;
				GCC_WARN_UNUSED_VARIABLE = YES;
				IPHONEOS_DEPLOYMENT_TARGET = 11.2;
				MTL_ENABLE_DEBUG_INFO = YES;
				ONLY_ACTIVE_ARCH = YES;
				SDKROOT = iphoneos;
				SWIFT_ACTIVE_COMPILATION_CONDITIONS = DEBUG;
				SWIFT_OPTIMIZATION_LEVEL = "-Onone";
			};
			name = Debug;
		};
		D316A4D221B05032002667CF /* Release */ = {
			isa = XCBuildConfiguration;
			buildSettings = {
				ALWAYS_SEARCH_USER_PATHS = NO;
				CLANG_ANALYZER_LOCALIZABILITY_NONLOCALIZED = YES;
				CLANG_ANALYZER_NONNULL = YES;
				CLANG_ANALYZER_NUMBER_OBJECT_CONVERSION = YES_AGGRESSIVE;
				CLANG_CXX_LANGUAGE_STANDARD = "gnu++14";
				CLANG_CXX_LIBRARY = "libc++";
				CLANG_ENABLE_MODULES = YES;
				CLANG_ENABLE_OBJC_ARC = YES;
				CLANG_WARN_BLOCK_CAPTURE_AUTORELEASING = YES;
				CLANG_WARN_BOOL_CONVERSION = YES;
				CLANG_WARN_COMMA = YES;
				CLANG_WARN_CONSTANT_CONVERSION = YES;
				CLANG_WARN_DIRECT_OBJC_ISA_USAGE = YES_ERROR;
				CLANG_WARN_DOCUMENTATION_COMMENTS = YES;
				CLANG_WARN_EMPTY_BODY = YES;
				CLANG_WARN_ENUM_CONVERSION = YES;
				CLANG_WARN_INFINITE_RECURSION = YES;
				CLANG_WARN_INT_CONVERSION = YES;
				CLANG_WARN_NON_LITERAL_NULL_CONVERSION = YES;
				CLANG_WARN_OBJC_LITERAL_CONVERSION = YES;
				CLANG_WARN_OBJC_ROOT_CLASS = YES_ERROR;
				CLANG_WARN_RANGE_LOOP_ANALYSIS = YES;
				CLANG_WARN_STRICT_PROTOTYPES = YES;
				CLANG_WARN_SUSPICIOUS_MOVE = YES;
				CLANG_WARN_UNGUARDED_AVAILABILITY = YES_AGGRESSIVE;
				CLANG_WARN_UNREACHABLE_CODE = YES;
				CLANG_WARN__DUPLICATE_METHOD_MATCH = YES;
				CODE_SIGN_IDENTITY = "iPhone Developer";
				COPY_PHASE_STRIP = NO;
				DEBUG_INFORMATION_FORMAT = "dwarf-with-dsym";
				ENABLE_NS_ASSERTIONS = NO;
				ENABLE_STRICT_OBJC_MSGSEND = YES;
				GCC_C_LANGUAGE_STANDARD = gnu11;
				GCC_NO_COMMON_BLOCKS = YES;
				GCC_WARN_64_TO_32_BIT_CONVERSION = YES;
				GCC_WARN_ABOUT_RETURN_TYPE = YES_ERROR;
				GCC_WARN_UNDECLARED_SELECTOR = YES;
				GCC_WARN_UNINITIALIZED_AUTOS = YES_AGGRESSIVE;
				GCC_WARN_UNUSED_FUNCTION = YES;
				GCC_WARN_UNUSED_VARIABLE = YES;
				IPHONEOS_DEPLOYMENT_TARGET = 11.2;
				MTL_ENABLE_DEBUG_INFO = NO;
				SDKROOT = iphoneos;
				SWIFT_OPTIMIZATION_LEVEL = "-Owholemodule";
				VALIDATE_PRODUCT = YES;
			};
			name = Release;
		};
		D316A4D421B05032002667CF /* Debug */ = {
			isa = XCBuildConfiguration;
			buildSettings = {
				ASSETCATALOG_COMPILER_APPICON_NAME = AppIcon;
				"CODE_SIGN_IDENTITY[sdk=iphoneos*]" = "iPhone Developer";
				CODE_SIGN_STYLE = Automatic;
				DEVELOPMENT_TEAM = TN7Y74AXNF;
				INFOPLIST_FILE = LocalizationApp/Info.plist;
				IPHONEOS_DEPLOYMENT_TARGET = 9.3;
				LD_RUNPATH_SEARCH_PATHS = "$(inherited) @executable_path/Frameworks";
				PRODUCT_BUNDLE_IDENTIFIER = com.msr.LocalizationApp;
				PRODUCT_NAME = "$(TARGET_NAME)";
				PROVISIONING_PROFILE_SPECIFIER = "";
				SWIFT_VERSION = 4.0;
				TARGETED_DEVICE_FAMILY = "1,2";
			};
			name = Debug;
		};
		D316A4D521B05032002667CF /* Release */ = {
			isa = XCBuildConfiguration;
			buildSettings = {
				ASSETCATALOG_COMPILER_APPICON_NAME = AppIcon;
				"CODE_SIGN_IDENTITY[sdk=iphoneos*]" = "iPhone Developer";
				CODE_SIGN_STYLE = Automatic;
				DEVELOPMENT_TEAM = TN7Y74AXNF;
				INFOPLIST_FILE = LocalizationApp/Info.plist;
				IPHONEOS_DEPLOYMENT_TARGET = 9.3;
				LD_RUNPATH_SEARCH_PATHS = "$(inherited) @executable_path/Frameworks";
				PRODUCT_BUNDLE_IDENTIFIER = com.msr.LocalizationApp;
				PRODUCT_NAME = "$(TARGET_NAME)";
				PROVISIONING_PROFILE_SPECIFIER = "";
				SWIFT_VERSION = 4.0;
				TARGETED_DEVICE_FAMILY = "1,2";
			};
			name = Release;
		};
/* End XCBuildConfiguration section */

/* Begin XCConfigurationList section */
		D316A4BC21B05031002667CF /* Build configuration list for PBXProject "LocalizationApp" */ = {
			isa = XCConfigurationList;
			buildConfigurations = (
				D316A4D121B05032002667CF /* Debug */,
				D316A4D221B05032002667CF /* Release */,
			);
			defaultConfigurationIsVisible = 0;
			defaultConfigurationName = Release;
		};
		D316A4D321B05032002667CF /* Build configuration list for PBXNativeTarget "LocalizationApp" */ = {
			isa = XCConfigurationList;
			buildConfigurations = (
				D316A4D421B05032002667CF /* Debug */,
				D316A4D521B05032002667CF /* Release */,
			);
			defaultConfigurationIsVisible = 0;
			defaultConfigurationName = Release;
		};
/* End XCConfigurationList section */
	};
	rootObject = D316A4B921B05031002667CF /* Project object */;
}
